
Microsoft Visual Studio Solution File, Format Version 12.00
# Visual Studio Version 16
VisualStudioVersion = 16.0.31729.503
MinimumVisualStudioVersion = 10.0.40219.1
Project("{2150E333-8FDC-42A3-9474-1A3956D46DE8}") = "Services", "Services", "{6CACA0F8-8676-4DDD-A59B-7C00E3FDBC61}"
EndProject
Project("{2150E333-8FDC-42A3-9474-1A3956D46DE8}") = "WebApps", "WebApps", "{FA180014-428C-407D-AE64-EDF751251EDA}"
EndProject
Project("{2150E333-8FDC-42A3-9474-1A3956D46DE8}") = "Cadastros", "Cadastros", "{B6CEECDE-6740-4718-A283-C5C058C82B17}"
EndProject
Project("{2150E333-8FDC-42A3-9474-1A3956D46DE8}") = "Catalogo", "Catalogo", "{C4FDB48C-49C7-43CD-B807-1AC26495FCFE}"
EndProject
Project("{2150E333-8FDC-42A3-9474-1A3956D46DE8}") = "Fiscal", "Fiscal", "{039D803F-4B78-4A89-B168-0EC1B13F2957}"
EndProject
Project("{2150E333-8FDC-42A3-9474-1A3956D46DE8}") = "Pagamentos", "Pagamentos", "{7C8D19C9-397E-4853-AEB0-C27E2C93F9A9}"
EndProject
Project("{2150E333-8FDC-42A3-9474-1A3956D46DE8}") = "Vendas", "Vendas", "{4238086A-23DC-430D-9B80-96CBAFBE0285}"
EndProject
Project("{9A19103F-16F7-4668-BE54-9A1E7A4F7556}") = "AppDDD.Catalogo.Domain", "src\AppDDD.Catalogo.Domain\AppDDD.Catalogo.Domain.csproj", "{E01B80CC-36EF-45DA-BBE3-25CAECC47B0D}"
EndProject
Project("{2150E333-8FDC-42A3-9474-1A3956D46DE8}") = "Tests", "Tests", "{292DEB7C-4E8B-4B32-B0B8-70FB7F91BF01}"
EndProject
Project("{9A19103F-16F7-4668-BE54-9A1E7A4F7556}") = "AppDDD.Catalogo.Domain.Tests", "src\AppDDD.Catalogo.Domain.Tests\AppDDD.Catalogo.Domain.Tests.csproj", "{95B90226-2268-46F7-B00E-237FC02F658F}"
EndProject
Project("{9A19103F-16F7-4668-BE54-9A1E7A4F7556}") = "AppDDD.Catalogo.Data", "src\AppDDD.Catalogo.Data\AppDDD.Catalogo.Data.csproj", "{07DAFC44-BDFC-4903-B4CA-24AFB7727669}"
EndProject
Project("{9A19103F-16F7-4668-BE54-9A1E7A4F7556}") = "AppDDD.Catalogo.Application", "src\AppDDD.Catalogo.Application\AppDDD.Catalogo.Application.csproj", "{776B4A3C-1EF1-42C6-9381-2EF3CCB95432}"
EndProject
Project("{2150E333-8FDC-42A3-9474-1A3956D46DE8}") = "Core", "Core", "{483EB7F6-A1F3-46FA-AFA1-C26935669D75}"
EndProject
Project("{9A19103F-16F7-4668-BE54-9A1E7A4F7556}") = "AppDDD.Core", "src\AppDDD.Core\AppDDD.Core.csproj", "{D5A4E82C-C37B-4B5F-859E-BE064C29DA8D}"
EndProject
Global
	GlobalSection(SolutionConfigurationPlatforms) = preSolution
		Debug|Any CPU = Debug|Any CPU
		Release|Any CPU = Release|Any CPU
	EndGlobalSection
	GlobalSection(ProjectConfigurationPlatforms) = postSolution
		{E01B80CC-36EF-45DA-BBE3-25CAECC47B0D}.Debug|Any CPU.ActiveCfg = Debug|Any CPU
		{E01B80CC-36EF-45DA-BBE3-25CAECC47B0D}.Debug|Any CPU.Build.0 = Debug|Any CPU
		{E01B80CC-36EF-45DA-BBE3-25CAECC47B0D}.Release|Any CPU.ActiveCfg = Release|Any CPU
		{E01B80CC-36EF-45DA-BBE3-25CAECC47B0D}.Release|Any CPU.Build.0 = Release|Any CPU
		{95B90226-2268-46F7-B00E-237FC02F658F}.Debug|Any CPU.ActiveCfg = Debug|Any CPU
		{95B90226-2268-46F7-B00E-237FC02F658F}.Debug|Any CPU.Build.0 = Debug|Any CPU
		{95B90226-2268-46F7-B00E-237FC02F658F}.Release|Any CPU.ActiveCfg = Release|Any CPU
		{95B90226-2268-46F7-B00E-237FC02F658F}.Release|Any CPU.Build.0 = Release|Any CPU
		{07DAFC44-BDFC-4903-B4CA-24AFB7727669}.Debug|Any CPU.ActiveCfg = Debug|Any CPU
		{07DAFC44-BDFC-4903-B4CA-24AFB7727669}.Debug|Any CPU.Build.0 = Debug|Any CPU
		{07DAFC44-BDFC-4903-B4CA-24AFB7727669}.Release|Any CPU.ActiveCfg = Release|Any CPU
		{07DAFC44-BDFC-4903-B4CA-24AFB7727669}.Release|Any CPU.Build.0 = Release|Any CPU
		{776B4A3C-1EF1-42C6-9381-2EF3CCB95432}.Debug|Any CPU.ActiveCfg = Debug|Any CPU
		{776B4A3C-1EF1-42C6-9381-2EF3CCB95432}.Debug|Any CPU.Build.0 = Debug|Any CPU
		{776B4A3C-1EF1-42C6-9381-2EF3CCB95432}.Release|Any CPU.ActiveCfg = Release|Any CPU
		{776B4A3C-1EF1-42C6-9381-2EF3CCB95432}.Release|Any CPU.Build.0 = Release|Any CPU
		{D5A4E82C-C37B-4B5F-859E-BE064C29DA8D}.Debug|Any CPU.ActiveCfg = Debug|Any CPU
		{D5A4E82C-C37B-4B5F-859E-BE064C29DA8D}.Debug|Any CPU.Build.0 = Debug|Any CPU
		{D5A4E82C-C37B-4B5F-859E-BE064C29DA8D}.Release|Any CPU.ActiveCfg = Release|Any CPU
		{D5A4E82C-C37B-4B5F-859E-BE064C29DA8D}.Release|Any CPU.Build.0 = Release|Any CPU
	EndGlobalSection
	GlobalSection(SolutionProperties) = preSolution
		HideSolutionNode = FALSE
	EndGlobalSection
	GlobalSection(NestedProjects) = preSolution
		{B6CEECDE-6740-4718-A283-C5C058C82B17} = {6CACA0F8-8676-4DDD-A59B-7C00E3FDBC61}
		{C4FDB48C-49C7-43CD-B807-1AC26495FCFE} = {6CACA0F8-8676-4DDD-A59B-7C00E3FDBC61}
		{039D803F-4B78-4A89-B168-0EC1B13F2957} = {6CACA0F8-8676-4DDD-A59B-7C00E3FDBC61}
		{7C8D19C9-397E-4853-AEB0-C27E2C93F9A9} = {6CACA0F8-8676-4DDD-A59B-7C00E3FDBC61}
		{4238086A-23DC-430D-9B80-96CBAFBE0285} = {6CACA0F8-8676-4DDD-A59B-7C00E3FDBC61}
		{E01B80CC-36EF-45DA-BBE3-25CAECC47B0D} = {C4FDB48C-49C7-43CD-B807-1AC26495FCFE}
		{292DEB7C-4E8B-4B32-B0B8-70FB7F91BF01} = {C4FDB48C-49C7-43CD-B807-1AC26495FCFE}
		{95B90226-2268-46F7-B00E-237FC02F658F} = {292DEB7C-4E8B-4B32-B0B8-70FB7F91BF01}
		{07DAFC44-BDFC-4903-B4CA-24AFB7727669} = {C4FDB48C-49C7-43CD-B807-1AC26495FCFE}
		{776B4A3C-1EF1-42C6-9381-2EF3CCB95432} = {C4FDB48C-49C7-43CD-B807-1AC26495FCFE}
		{483EB7F6-A1F3-46FA-AFA1-C26935669D75} = {6CACA0F8-8676-4DDD-A59B-7C00E3FDBC61}
		{D5A4E82C-C37B-4B5F-859E-BE064C29DA8D} = {483EB7F6-A1F3-46FA-AFA1-C26935669D75}
	EndGlobalSection
	GlobalSection(ExtensibilityGlobals) = postSolution
		SolutionGuid = {AD1366E8-EC3B-4749-9E9B-3AAE55E5FED3}
	EndGlobalSection
EndGlobal
