
Microsoft Visual Studio Solution File, Format Version 12.00
# Visual Studio Version 16
VisualStudioVersion = 16.0.31729.503
MinimumVisualStudioVersion = 10.0.40219.1
Project("{2150E333-8FDC-42A3-9474-1A3956D46DE8}") = "Services", "Services", "{6CACA0F8-8676-4DDD-A59B-7C00E3FDBC61}"
EndProject
Project("{2150E333-8FDC-42A3-9474-1A3956D46DE8}") = "WebApps", "WebApps", "{FA180014-428C-407D-AE64-EDF751251EDA}"
EndProject
Project("{2150E333-8FDC-42A3-9474-1A3956D46DE8}") = "Cadastros", "Cadastros", "{B6CEECDE-6740-4718-A283-C5C058C82B17}"
EndProject
Project("{2150E333-8FDC-42A3-9474-1A3956D46DE8}") = "Catalogo", "Catalogo", "{C4FDB48C-49C7-43CD-B807-1AC26495FCFE}"
EndProject
Project("{2150E333-8FDC-42A3-9474-1A3956D46DE8}") = "Core", "Core", "{D3ADFE06-8867-48D2-B2D6-395263E4EB42}"
EndProject
Project("{2150E333-8FDC-42A3-9474-1A3956D46DE8}") = "Fiscal", "Fiscal", "{039D803F-4B78-4A89-B168-0EC1B13F2957}"
EndProject
Project("{2150E333-8FDC-42A3-9474-1A3956D46DE8}") = "Pagamentos", "Pagamentos", "{7C8D19C9-397E-4853-AEB0-C27E2C93F9A9}"
EndProject
Project("{2150E333-8FDC-42A3-9474-1A3956D46DE8}") = "Vendas", "Vendas", "{4238086A-23DC-430D-9B80-96CBAFBE0285}"
EndProject
Project("{FAE04EC0-301F-11D3-BF4B-00C04F79EFBC}") = "AppDDD.Catalogo.Domain", "src\AppDDD.Catalogo.Domain\AppDDD.Catalogo.Domain.csproj", "{E01B80CC-36EF-45DA-BBE3-25CAECC47B0D}"
EndProject
Project("{FAE04EC0-301F-11D3-BF4B-00C04F79EFBC}") = "AppDDD.Core", "AppDDD.Core\AppDDD.Core.csproj", "{86E74825-88E6-4D0A-A05F-BF8AC3A81188}"
EndProject
Global
	GlobalSection(SolutionConfigurationPlatforms) = preSolution
		Debug|Any CPU = Debug|Any CPU
		Release|Any CPU = Release|Any CPU
	EndGlobalSection
	GlobalSection(ProjectConfigurationPlatforms) = postSolution
		{E01B80CC-36EF-45DA-BBE3-25CAECC47B0D}.Debug|Any CPU.ActiveCfg = Debug|Any CPU
		{E01B80CC-36EF-45DA-BBE3-25CAECC47B0D}.Debug|Any CPU.Build.0 = Debug|Any CPU
		{E01B80CC-36EF-45DA-BBE3-25CAECC47B0D}.Release|Any CPU.ActiveCfg = Release|Any CPU
		{E01B80CC-36EF-45DA-BBE3-25CAECC47B0D}.Release|Any CPU.Build.0 = Release|Any CPU
		{86E74825-88E6-4D0A-A05F-BF8AC3A81188}.Debug|Any CPU.ActiveCfg = Debug|Any CPU
		{86E74825-88E6-4D0A-A05F-BF8AC3A81188}.Debug|Any CPU.Build.0 = Debug|Any CPU
		{86E74825-88E6-4D0A-A05F-BF8AC3A81188}.Release|Any CPU.ActiveCfg = Release|Any CPU
		{86E74825-88E6-4D0A-A05F-BF8AC3A81188}.Release|Any CPU.Build.0 = Release|Any CPU
	EndGlobalSection
	GlobalSection(SolutionProperties) = preSolution
		HideSolutionNode = FALSE
	EndGlobalSection
	GlobalSection(NestedProjects) = preSolution
		{B6CEECDE-6740-4718-A283-C5C058C82B17} = {6CACA0F8-8676-4DDD-A59B-7C00E3FDBC61}
		{C4FDB48C-49C7-43CD-B807-1AC26495FCFE} = {6CACA0F8-8676-4DDD-A59B-7C00E3FDBC61}
		{D3ADFE06-8867-48D2-B2D6-395263E4EB42} = {6CACA0F8-8676-4DDD-A59B-7C00E3FDBC61}
		{039D803F-4B78-4A89-B168-0EC1B13F2957} = {6CACA0F8-8676-4DDD-A59B-7C00E3FDBC61}
		{7C8D19C9-397E-4853-AEB0-C27E2C93F9A9} = {6CACA0F8-8676-4DDD-A59B-7C00E3FDBC61}
		{4238086A-23DC-430D-9B80-96CBAFBE0285} = {6CACA0F8-8676-4DDD-A59B-7C00E3FDBC61}
		{E01B80CC-36EF-45DA-BBE3-25CAECC47B0D} = {C4FDB48C-49C7-43CD-B807-1AC26495FCFE}
		{86E74825-88E6-4D0A-A05F-BF8AC3A81188} = {D3ADFE06-8867-48D2-B2D6-395263E4EB42}
	EndGlobalSection
	GlobalSection(ExtensibilityGlobals) = postSolution
		SolutionGuid = {AD1366E8-EC3B-4749-9E9B-3AAE55E5FED3}
	EndGlobalSection
EndGlobal
